
Microsoft Visual Studio Solution File, Format Version 11.00
# Visual Studio 2010
Project("{FAE04EC0-301F-11D3-BF4B-00C04F79EFBC}") = "UnityEngine.TestRunner", "UnityEngine.TestRunner.csproj", "{10dd964c-1701-bcc4-40a1-b85e5d42eb49}"
EndProject
Project("{FAE04EC0-301F-11D3-BF4B-00C04F79EFBC}") = "Unity.VisualScripting.Flow", "Unity.VisualScripting.Flow.csproj", "{5dbd7219-c701-fd86-35d5-fcb186195a15}"
EndProject
Project("{FAE04EC0-301F-11D3-BF4B-00C04F79EFBC}") = "Unity.Services.Core.Telemetry", "Unity.Services.Core.Telemetry.csproj", "{cf7ad3f5-c6cd-5071-aafd-fce4e133f1bc}"
EndProject
Project("{FAE04EC0-301F-11D3-BF4B-00C04F79EFBC}") = "Unity.VisualScripting.State", "Unity.VisualScripting.State.csproj", "{83139c4f-cc1d-7acd-dc99-9946ce8596b6}"
EndProject
Project("{FAE04EC0-301F-11D3-BF4B-00C04F79EFBC}") = "Unity.VisualScripting.Core", "Unity.VisualScripting.Core.csproj", "{2b23d4db-f580-ec06-27c0-115e12120ea9}"
EndProject
Project("{FAE04EC0-301F-11D3-BF4B-00C04F79EFBC}") = "Unity.Services.Core.Environments.Internal", "Unity.Services.Core.Environments.Internal.csproj", "{c390c2c3-9236-871c-9c31-e12381619bf4}"
EndProject
Project("{FAE04EC0-301F-11D3-BF4B-00C04F79EFBC}") = "Unity.TextMeshPro", "Unity.TextMeshPro.csproj", "{2e329f57-6d71-25e6-241b-76b2aa71069d}"
EndProject
Project("{FAE04EC0-301F-11D3-BF4B-00C04F79EFBC}") = "Unity.Timeline", "Unity.Timeline.csproj", "{0c096233-5d0c-a7a2-8db3-97b7596585b1}"
EndProject
Project("{FAE04EC0-301F-11D3-BF4B-00C04F79EFBC}") = "Unity.Services.Core", "Unity.Services.Core.csproj", "{8af5fce1-52da-30f9-1099-250e1d16694f}"
EndProject
Project("{FAE04EC0-301F-11D3-BF4B-00C04F79EFBC}") = "Assembly-CSharp", "Assembly-CSharp.csproj", "{490fb076-67ce-b4b2-db15-58336b542447}"
EndProject
Project("{FAE04EC0-301F-11D3-BF4B-00C04F79EFBC}") = "Unity.Services.Core.Environments", "Unity.Services.Core.Environments.csproj", "{2ba21509-07b0-cab9-9394-723efc2c995f}"
EndProject
Project("{FAE04EC0-301F-11D3-BF4B-00C04F79EFBC}") = "Unity.Services.Core.Internal", "Unity.Services.Core.Internal.csproj", "{88ec2a06-3e3f-3d15-5fbd-2421a207adc1}"
EndProject
Project("{FAE04EC0-301F-11D3-BF4B-00C04F79EFBC}") = "Unity.Services.Core.Analytics", "Unity.Services.Core.Analytics.csproj", "{d9f30f05-acad-b4be-5908-ac3c3c778624}"
EndProject
Project("{FAE04EC0-301F-11D3-BF4B-00C04F79EFBC}") = "Unity.Services.Core.Scheduler", "Unity.Services.Core.Scheduler.csproj", "{82e04a8f-897f-e48c-c224-45381899483e}"
EndProject
Project("{FAE04EC0-301F-11D3-BF4B-00C04F79EFBC}") = "Unity.Services.Core.Registration", "Unity.Services.Core.Registration.csproj", "{a4374a8f-fe6e-a0dd-b602-fc3b0325f3a3}"
EndProject
Project("{FAE04EC0-301F-11D3-BF4B-00C04F79EFBC}") = "Unity.Services.Core.Device", "Unity.Services.Core.Device.csproj", "{6962dcec-a857-0fe2-a3ad-68b3db949247}"
EndProject
Project("{FAE04EC0-301F-11D3-BF4B-00C04F79EFBC}") = "Unity.Services.Core.Threading", "Unity.Services.Core.Threading.csproj", "{3371070b-87ac-b0c3-56b6-49c8fb75debd}"
EndProject
Project("{FAE04EC0-301F-11D3-BF4B-00C04F79EFBC}") = "Unity.Services.Core.Networking", "Unity.Services.Core.Networking.csproj", "{76a3b8ed-3776-62ed-1cd3-9c94a4d6e34f}"
EndProject
Project("{FAE04EC0-301F-11D3-BF4B-00C04F79EFBC}") = "Unity.Services.Core.Configuration", "Unity.Services.Core.Configuration.csproj", "{e582fc8d-4098-ab8b-4598-27f022c3abfc}"
EndProject
Project("{FAE04EC0-301F-11D3-BF4B-00C04F79EFBC}") = "Unity.PlasticSCM.Editor", "Unity.PlasticSCM.Editor.csproj", "{32ec0a50-7f10-c727-57a7-b28fa60d75cb}"
EndProject
Project("{FAE04EC0-301F-11D3-BF4B-00C04F79EFBC}") = "Unity.VisualScripting.Core.Editor", "Unity.VisualScripting.Core.Editor.csproj", "{cda8bbd3-5174-d678-1083-b647e008aa15}"
EndProject
Project("{FAE04EC0-301F-11D3-BF4B-00C04F79EFBC}") = "Unity.VisualScripting.Flow.Editor", "Unity.VisualScripting.Flow.Editor.csproj", "{6b3ea6e9-6a46-06cb-f51f-90a32590738c}"
EndProject
Project("{FAE04EC0-301F-11D3-BF4B-00C04F79EFBC}") = "Unity.VisualStudio.Editor", "Unity.VisualStudio.Editor.csproj", "{1e021d38-c4ce-b47c-d442-51f7f93f2f03}"
EndProject
Project("{FAE04EC0-301F-11D3-BF4B-00C04F79EFBC}") = "Unity.Timeline.Editor", "Unity.Timeline.Editor.csproj", "{7a67518f-51a5-a314-0ffa-f6271d981989}"
EndProject
Project("{FAE04EC0-301F-11D3-BF4B-00C04F79EFBC}") = "Unity.VisualScripting.State.Editor", "Unity.VisualScripting.State.Editor.csproj", "{7953acde-8295-201e-f220-1c084c8c97ca}"
EndProject
Project("{FAE04EC0-301F-11D3-BF4B-00C04F79EFBC}") = "Unity.TextMeshPro.Editor", "Unity.TextMeshPro.Editor.csproj", "{a4b3ac09-1b2e-c32c-46a9-753740b67ba6}"
EndProject
Project("{FAE04EC0-301F-11D3-BF4B-00C04F79EFBC}") = "Unity.VisualScripting.SettingsProvider.Editor", "Unity.VisualScripting.SettingsProvider.Editor.csproj", "{7336b5c2-e54f-ea49-6479-cd832e9ae796}"
EndProject
Project("{FAE04EC0-301F-11D3-BF4B-00C04F79EFBC}") = "Unity.CollabProxy.Editor", "Unity.CollabProxy.Editor.csproj", "{89845537-a5ab-0b4e-fe39-15ad127b430a}"
EndProject
Project("{FAE04EC0-301F-11D3-BF4B-00C04F79EFBC}") = "UnityEditor.TestRunner", "UnityEditor.TestRunner.csproj", "{8c317242-49d1-b542-f15f-02513e2a8df4}"
EndProject
Project("{FAE04EC0-301F-11D3-BF4B-00C04F79EFBC}") = "Unity.Services.Core.Editor", "Unity.Services.Core.Editor.csproj", "{50afa29d-3a91-0cf2-309b-b77e4cf85d07}"
EndProject
Project("{FAE04EC0-301F-11D3-BF4B-00C04F79EFBC}") = "Unity.TestTools.CodeCoverage.Editor", "Unity.TestTools.CodeCoverage.Editor.csproj", "{95be7fc5-76ca-2d24-a109-33dd33053208}"
EndProject
Project("{FAE04EC0-301F-11D3-BF4B-00C04F79EFBC}") = "Unity.Rider.Editor", "Unity.Rider.Editor.csproj", "{3550a20c-f7f8-4316-1eb6-32d628975b2d}"
EndProject
Project("{FAE04EC0-301F-11D3-BF4B-00C04F79EFBC}") = "Unity.Performance.Profile-Analyzer.Editor", "Unity.Performance.Profile-Analyzer.Editor.csproj", "{59d04d63-f02e-51e3-4299-874aed04d488}"
EndProject
Project("{FAE04EC0-301F-11D3-BF4B-00C04F79EFBC}") = "Unity.VSCode.Editor", "Unity.VSCode.Editor.csproj", "{05ce4050-1667-7dab-6ed2-ff14625079b8}"
EndProject
Project("{FAE04EC0-301F-11D3-BF4B-00C04F79EFBC}") = "Unity.TestTools.CodeCoverage.Editor.OpenCover.Model", "Unity.TestTools.CodeCoverage.Editor.OpenCover.Model.csproj", "{1e036211-e303-de2e-eeca-747e1e80c21b}"
EndProject
Project("{FAE04EC0-301F-11D3-BF4B-00C04F79EFBC}") = "Unity.EditorCoroutines.Editor", "Unity.EditorCoroutines.Editor.csproj", "{3851d19c-1d39-d35a-b351-417cbd1b7411}"
EndProject
Project("{FAE04EC0-301F-11D3-BF4B-00C04F79EFBC}") = "Unity.Settings.Editor", "Unity.Settings.Editor.csproj", "{3c16eac6-1d6f-db19-8a59-cedcaf511a7b}"
EndProject
Project("{FAE04EC0-301F-11D3-BF4B-00C04F79EFBC}") = "Unity.Services.Core.Configuration.Editor", "Unity.Services.Core.Configuration.Editor.csproj", "{d867abfc-c224-3d51-560a-15e35f502643}"
EndProject
Project("{FAE04EC0-301F-11D3-BF4B-00C04F79EFBC}") = "Unity.TestTools.CodeCoverage.Editor.OpenCover.Mono.Reflection", "Unity.TestTools.CodeCoverage.Editor.OpenCover.Mono.Reflection.csproj", "{1880a6dd-9130-4be5-5c25-4156c650c6a5}"
EndProject
Project("{FAE04EC0-301F-11D3-BF4B-00C04F79EFBC}") = "Unity.VisualScripting.Shared.Editor", "Unity.VisualScripting.Shared.Editor.csproj", "{2c7f7df4-48b6-d08a-bded-f6c43e9f22d2}"
EndProject
Global
	GlobalSection(SolutionConfigurationPlatforms) = preSolution
		Debug|Any CPU = Debug|Any CPU
	EndGlobalSection
	GlobalSection(ProjectConfigurationPlatforms) = postSolution
		{10dd964c-1701-bcc4-40a1-b85e5d42eb49}.Debug|Any CPU.ActiveCfg = Debug|Any CPU
		{10dd964c-1701-bcc4-40a1-b85e5d42eb49}.Debug|Any CPU.Build.0 = Debug|Any CPU
		{5dbd7219-c701-fd86-35d5-fcb186195a15}.Debug|Any CPU.ActiveCfg = Debug|Any CPU
		{5dbd7219-c701-fd86-35d5-fcb186195a15}.Debug|Any CPU.Build.0 = Debug|Any CPU
		{cf7ad3f5-c6cd-5071-aafd-fce4e133f1bc}.Debug|Any CPU.ActiveCfg = Debug|Any CPU
		{cf7ad3f5-c6cd-5071-aafd-fce4e133f1bc}.Debug|Any CPU.Build.0 = Debug|Any CPU
		{83139c4f-cc1d-7acd-dc99-9946ce8596b6}.Debug|Any CPU.ActiveCfg = Debug|Any CPU
		{83139c4f-cc1d-7acd-dc99-9946ce8596b6}.Debug|Any CPU.Build.0 = Debug|Any CPU
		{2b23d4db-f580-ec06-27c0-115e12120ea9}.Debug|Any CPU.ActiveCfg = Debug|Any CPU
		{2b23d4db-f580-ec06-27c0-115e12120ea9}.Debug|Any CPU.Build.0 = Debug|Any CPU
		{c390c2c3-9236-871c-9c31-e12381619bf4}.Debug|Any CPU.ActiveCfg = Debug|Any CPU
		{c390c2c3-9236-871c-9c31-e12381619bf4}.Debug|Any CPU.Build.0 = Debug|Any CPU
		{2e329f57-6d71-25e6-241b-76b2aa71069d}.Debug|Any CPU.ActiveCfg = Debug|Any CPU
		{2e329f57-6d71-25e6-241b-76b2aa71069d}.Debug|Any CPU.Build.0 = Debug|Any CPU
		{0c096233-5d0c-a7a2-8db3-97b7596585b1}.Debug|Any CPU.ActiveCfg = Debug|Any CPU
		{0c096233-5d0c-a7a2-8db3-97b7596585b1}.Debug|Any CPU.Build.0 = Debug|Any CPU
		{8af5fce1-52da-30f9-1099-250e1d16694f}.Debug|Any CPU.ActiveCfg = Debug|Any CPU
		{8af5fce1-52da-30f9-1099-250e1d16694f}.Debug|Any CPU.Build.0 = Debug|Any CPU
		{490fb076-67ce-b4b2-db15-58336b542447}.Debug|Any CPU.ActiveCfg = Debug|Any CPU
		{490fb076-67ce-b4b2-db15-58336b542447}.Debug|Any CPU.Build.0 = Debug|Any CPU
		{2ba21509-07b0-cab9-9394-723efc2c995f}.Debug|Any CPU.ActiveCfg = Debug|Any CPU
		{2ba21509-07b0-cab9-9394-723efc2c995f}.Debug|Any CPU.Build.0 = Debug|Any CPU
		{88ec2a06-3e3f-3d15-5fbd-2421a207adc1}.Debug|Any CPU.ActiveCfg = Debug|Any CPU
		{88ec2a06-3e3f-3d15-5fbd-2421a207adc1}.Debug|Any CPU.Build.0 = Debug|Any CPU
		{d9f30f05-acad-b4be-5908-ac3c3c778624}.Debug|Any CPU.ActiveCfg = Debug|Any CPU
		{d9f30f05-acad-b4be-5908-ac3c3c778624}.Debug|Any CPU.Build.0 = Debug|Any CPU
		{82e04a8f-897f-e48c-c224-45381899483e}.Debug|Any CPU.ActiveCfg = Debug|Any CPU
		{82e04a8f-897f-e48c-c224-45381899483e}.Debug|Any CPU.Build.0 = Debug|Any CPU
		{a4374a8f-fe6e-a0dd-b602-fc3b0325f3a3}.Debug|Any CPU.ActiveCfg = Debug|Any CPU
		{a4374a8f-fe6e-a0dd-b602-fc3b0325f3a3}.Debug|Any CPU.Build.0 = Debug|Any CPU
		{6962dcec-a857-0fe2-a3ad-68b3db949247}.Debug|Any CPU.ActiveCfg = Debug|Any CPU
		{6962dcec-a857-0fe2-a3ad-68b3db949247}.Debug|Any CPU.Build.0 = Debug|Any CPU
		{3371070b-87ac-b0c3-56b6-49c8fb75debd}.Debug|Any CPU.ActiveCfg = Debug|Any CPU
		{3371070b-87ac-b0c3-56b6-49c8fb75debd}.Debug|Any CPU.Build.0 = Debug|Any CPU
		{76a3b8ed-3776-62ed-1cd3-9c94a4d6e34f}.Debug|Any CPU.ActiveCfg = Debug|Any CPU
		{76a3b8ed-3776-62ed-1cd3-9c94a4d6e34f}.Debug|Any CPU.Build.0 = Debug|Any CPU
		{e582fc8d-4098-ab8b-4598-27f022c3abfc}.Debug|Any CPU.ActiveCfg = Debug|Any CPU
		{e582fc8d-4098-ab8b-4598-27f022c3abfc}.Debug|Any CPU.Build.0 = Debug|Any CPU
		{32ec0a50-7f10-c727-57a7-b28fa60d75cb}.Debug|Any CPU.ActiveCfg = Debug|Any CPU
		{32ec0a50-7f10-c727-57a7-b28fa60d75cb}.Debug|Any CPU.Build.0 = Debug|Any CPU
		{cda8bbd3-5174-d678-1083-b647e008aa15}.Debug|Any CPU.ActiveCfg = Debug|Any CPU
		{cda8bbd3-5174-d678-1083-b647e008aa15}.Debug|Any CPU.Build.0 = Debug|Any CPU
		{6b3ea6e9-6a46-06cb-f51f-90a32590738c}.Debug|Any CPU.ActiveCfg = Debug|Any CPU
		{6b3ea6e9-6a46-06cb-f51f-90a32590738c}.Debug|Any CPU.Build.0 = Debug|Any CPU
		{1e021d38-c4ce-b47c-d442-51f7f93f2f03}.Debug|Any CPU.ActiveCfg = Debug|Any CPU
		{1e021d38-c4ce-b47c-d442-51f7f93f2f03}.Debug|Any CPU.Build.0 = Debug|Any CPU
		{7a67518f-51a5-a314-0ffa-f6271d981989}.Debug|Any CPU.ActiveCfg = Debug|Any CPU
		{7a67518f-51a5-a314-0ffa-f6271d981989}.Debug|Any CPU.Build.0 = Debug|Any CPU
		{7953acde-8295-201e-f220-1c084c8c97ca}.Debug|Any CPU.ActiveCfg = Debug|Any CPU
		{7953acde-8295-201e-f220-1c084c8c97ca}.Debug|Any CPU.Build.0 = Debug|Any CPU
		{a4b3ac09-1b2e-c32c-46a9-753740b67ba6}.Debug|Any CPU.ActiveCfg = Debug|Any CPU
		{a4b3ac09-1b2e-c32c-46a9-753740b67ba6}.Debug|Any CPU.Build.0 = Debug|Any CPU
		{7336b5c2-e54f-ea49-6479-cd832e9ae796}.Debug|Any CPU.ActiveCfg = Debug|Any CPU
		{7336b5c2-e54f-ea49-6479-cd832e9ae796}.Debug|Any CPU.Build.0 = Debug|Any CPU
		{89845537-a5ab-0b4e-fe39-15ad127b430a}.Debug|Any CPU.ActiveCfg = Debug|Any CPU
		{89845537-a5ab-0b4e-fe39-15ad127b430a}.Debug|Any CPU.Build.0 = Debug|Any CPU
		{8c317242-49d1-b542-f15f-02513e2a8df4}.Debug|Any CPU.ActiveCfg = Debug|Any CPU
		{8c317242-49d1-b542-f15f-02513e2a8df4}.Debug|Any CPU.Build.0 = Debug|Any CPU
		{50afa29d-3a91-0cf2-309b-b77e4cf85d07}.Debug|Any CPU.ActiveCfg = Debug|Any CPU
		{50afa29d-3a91-0cf2-309b-b77e4cf85d07}.Debug|Any CPU.Build.0 = Debug|Any CPU
		{95be7fc5-76ca-2d24-a109-33dd33053208}.Debug|Any CPU.ActiveCfg = Debug|Any CPU
		{95be7fc5-76ca-2d24-a109-33dd33053208}.Debug|Any CPU.Build.0 = Debug|Any CPU
		{3550a20c-f7f8-4316-1eb6-32d628975b2d}.Debug|Any CPU.ActiveCfg = Debug|Any CPU
		{3550a20c-f7f8-4316-1eb6-32d628975b2d}.Debug|Any CPU.Build.0 = Debug|Any CPU
		{59d04d63-f02e-51e3-4299-874aed04d488}.Debug|Any CPU.ActiveCfg = Debug|Any CPU
		{59d04d63-f02e-51e3-4299-874aed04d488}.Debug|Any CPU.Build.0 = Debug|Any CPU
		{05ce4050-1667-7dab-6ed2-ff14625079b8}.Debug|Any CPU.ActiveCfg = Debug|Any CPU
		{05ce4050-1667-7dab-6ed2-ff14625079b8}.Debug|Any CPU.Build.0 = Debug|Any CPU
		{1e036211-e303-de2e-eeca-747e1e80c21b}.Debug|Any CPU.ActiveCfg = Debug|Any CPU
		{1e036211-e303-de2e-eeca-747e1e80c21b}.Debug|Any CPU.Build.0 = Debug|Any CPU
		{3851d19c-1d39-d35a-b351-417cbd1b7411}.Debug|Any CPU.ActiveCfg = Debug|Any CPU
		{3851d19c-1d39-d35a-b351-417cbd1b7411}.Debug|Any CPU.Build.0 = Debug|Any CPU
		{3c16eac6-1d6f-db19-8a59-cedcaf511a7b}.Debug|Any CPU.ActiveCfg = Debug|Any CPU
		{3c16eac6-1d6f-db19-8a59-cedcaf511a7b}.Debug|Any CPU.Build.0 = Debug|Any CPU
		{d867abfc-c224-3d51-560a-15e35f502643}.Debug|Any CPU.ActiveCfg = Debug|Any CPU
		{d867abfc-c224-3d51-560a-15e35f502643}.Debug|Any CPU.Build.0 = Debug|Any CPU
		{1880a6dd-9130-4be5-5c25-4156c650c6a5}.Debug|Any CPU.ActiveCfg = Debug|Any CPU
		{1880a6dd-9130-4be5-5c25-4156c650c6a5}.Debug|Any CPU.Build.0 = Debug|Any CPU
		{2c7f7df4-48b6-d08a-bded-f6c43e9f22d2}.Debug|Any CPU.ActiveCfg = Debug|Any CPU
		{2c7f7df4-48b6-d08a-bded-f6c43e9f22d2}.Debug|Any CPU.Build.0 = Debug|Any CPU
	EndGlobalSection
	GlobalSection(SolutionProperties) = preSolution
		HideSolutionNode = FALSE
	EndGlobalSection
EndGlobal
