
Microsoft Visual Studio Solution File, Format Version 12.00
# Visual Studio 15
Project("{FAE04EC0-301F-11D3-BF4B-00C04F79EFBC}") = "UnityEngine.TestRunner", "UnityEngine.TestRunner.csproj", "{4C96DD10-0117-C4BC-40A1-B85E5D42EB49}"
EndProject
Project("{FAE04EC0-301F-11D3-BF4B-00C04F79EFBC}") = "Unity.VisualScripting.Flow", "Unity.VisualScripting.Flow.csproj", "{1972BD5D-01C7-86FD-35D5-FCB186195A15}"
EndProject
Project("{FAE04EC0-301F-11D3-BF4B-00C04F79EFBC}") = "Unity.Services.Core.Telemetry", "Unity.Services.Core.Telemetry.csproj", "{F5D37ACF-CDC6-7150-AAFD-FCE4E133F1BC}"
EndProject
Project("{FAE04EC0-301F-11D3-BF4B-00C04F79EFBC}") = "Unity.VisualScripting.State", "Unity.VisualScripting.State.csproj", "{4F9C1383-1DCC-CD7A-DC99-9946CE8596B6}"
EndProject
Project("{FAE04EC0-301F-11D3-BF4B-00C04F79EFBC}") = "Unity.VisualScripting.Core", "Unity.VisualScripting.Core.csproj", "{DBD4232B-80F5-06EC-27C0-115E12120EA9}"
EndProject
Project("{FAE04EC0-301F-11D3-BF4B-00C04F79EFBC}") = "Unity.Services.Core.Environments.Internal", "Unity.Services.Core.Environments.Internal.csproj", "{C3C290C3-3692-1C87-9C31-E12381619BF4}"
EndProject
Project("{FAE04EC0-301F-11D3-BF4B-00C04F79EFBC}") = "Unity.TextMeshPro", "Unity.TextMeshPro.csproj", "{579F322E-716D-E625-241B-76B2AA71069D}"
EndProject
Project("{FAE04EC0-301F-11D3-BF4B-00C04F79EFBC}") = "Unity.Timeline", "Unity.Timeline.csproj", "{3362090C-0C5D-A2A7-8DB3-97B7596585B1}"
EndProject
Project("{FAE04EC0-301F-11D3-BF4B-00C04F79EFBC}") = "Unity.Services.Core", "Unity.Services.Core.csproj", "{E1FCF58A-DA52-F930-1099-250E1D16694F}"
EndProject
Project("{FAE04EC0-301F-11D3-BF4B-00C04F79EFBC}") = "Assembly-CSharp", "Assembly-CSharp.csproj", "{76B00F49-CE67-B2B4-DB15-58336B542447}"
EndProject
Project("{FAE04EC0-301F-11D3-BF4B-00C04F79EFBC}") = "Unity.Services.Core.Environments", "Unity.Services.Core.Environments.csproj", "{0915A22B-B007-B9CA-9394-723EFC2C995F}"
EndProject
Project("{FAE04EC0-301F-11D3-BF4B-00C04F79EFBC}") = "Unity.Services.Core.Internal", "Unity.Services.Core.Internal.csproj", "{062AEC88-3F3E-153D-5FBD-2421A207ADC1}"
EndProject
Project("{FAE04EC0-301F-11D3-BF4B-00C04F79EFBC}") = "Unity.Services.Core.Analytics", "Unity.Services.Core.Analytics.csproj", "{050FF3D9-ADAC-BEB4-5908-AC3C3C778624}"
EndProject
Project("{FAE04EC0-301F-11D3-BF4B-00C04F79EFBC}") = "Unity.Services.Core.Scheduler", "Unity.Services.Core.Scheduler.csproj", "{8F4AE082-7F89-8CE4-C224-45381899483E}"
EndProject
Project("{FAE04EC0-301F-11D3-BF4B-00C04F79EFBC}") = "Unity.Services.Core.Registration", "Unity.Services.Core.Registration.csproj", "{8F4A37A4-6EFE-DDA0-B602-FC3B0325F3A3}"
EndProject
Project("{FAE04EC0-301F-11D3-BF4B-00C04F79EFBC}") = "Unity.Services.Core.Device", "Unity.Services.Core.Device.csproj", "{ECDC6269-57A8-E20F-A3AD-68B3DB949247}"
EndProject
Project("{FAE04EC0-301F-11D3-BF4B-00C04F79EFBC}") = "Unity.Services.Core.Threading", "Unity.Services.Core.Threading.csproj", "{0B077133-AC87-C3B0-56B6-49C8FB75DEBD}"
EndProject
Project("{FAE04EC0-301F-11D3-BF4B-00C04F79EFBC}") = "Unity.Services.Core.Networking", "Unity.Services.Core.Networking.csproj", "{EDB8A376-7637-ED62-1CD3-9C94A4D6E34F}"
EndProject
Project("{FAE04EC0-301F-11D3-BF4B-00C04F79EFBC}") = "Unity.Services.Core.Configuration", "Unity.Services.Core.Configuration.csproj", "{8DFC82E5-9840-8BAB-4598-27F022C3ABFC}"
EndProject
Project("{FAE04EC0-301F-11D3-BF4B-00C04F79EFBC}") = "Unity.PlasticSCM.Editor", "Unity.PlasticSCM.Editor.csproj", "{500AEC32-107F-27C7-57A7-B28FA60D75CB}"
EndProject
Project("{FAE04EC0-301F-11D3-BF4B-00C04F79EFBC}") = "Unity.VisualScripting.Core.Editor", "Unity.VisualScripting.Core.Editor.csproj", "{D3BBA8CD-7451-78D6-1083-B647E008AA15}"
EndProject
Project("{FAE04EC0-301F-11D3-BF4B-00C04F79EFBC}") = "Unity.VisualScripting.Flow.Editor", "Unity.VisualScripting.Flow.Editor.csproj", "{E9A63E6B-466A-CB06-F51F-90A32590738C}"
EndProject
Project("{FAE04EC0-301F-11D3-BF4B-00C04F79EFBC}") = "Unity.VisualStudio.Editor", "Unity.VisualStudio.Editor.csproj", "{381D021E-CEC4-7CB4-D442-51F7F93F2F03}"
EndProject
Project("{FAE04EC0-301F-11D3-BF4B-00C04F79EFBC}") = "Unity.Timeline.Editor", "Unity.Timeline.Editor.csproj", "{8F51677A-A551-14A3-0FFA-F6271D981989}"
EndProject
Project("{FAE04EC0-301F-11D3-BF4B-00C04F79EFBC}") = "Unity.VisualScripting.State.Editor", "Unity.VisualScripting.State.Editor.csproj", "{DEAC5379-9582-1E20-F220-1C084C8C97CA}"
EndProject
Project("{FAE04EC0-301F-11D3-BF4B-00C04F79EFBC}") = "Unity.TextMeshPro.Editor", "Unity.TextMeshPro.Editor.csproj", "{09ACB3A4-2E1B-2CC3-46A9-753740B67BA6}"
EndProject
Project("{FAE04EC0-301F-11D3-BF4B-00C04F79EFBC}") = "Unity.VisualScripting.SettingsProvider.Editor", "Unity.VisualScripting.SettingsProvider.Editor.csproj", "{C2B53673-4FE5-49EA-6479-CD832E9AE796}"
EndProject
Project("{FAE04EC0-301F-11D3-BF4B-00C04F79EFBC}") = "Unity.CollabProxy.Editor", "Unity.CollabProxy.Editor.csproj", "{37558489-ABA5-4E0B-FE39-15AD127B430A}"
EndProject
Project("{FAE04EC0-301F-11D3-BF4B-00C04F79EFBC}") = "UnityEditor.TestRunner", "UnityEditor.TestRunner.csproj", "{4272318C-D149-42B5-F15F-02513E2A8DF4}"
EndProject
Project("{FAE04EC0-301F-11D3-BF4B-00C04F79EFBC}") = "Unity.Services.Core.Editor", "Unity.Services.Core.Editor.csproj", "{9DA2AF50-913A-F20C-309B-B77E4CF85D07}"
EndProject
Project("{FAE04EC0-301F-11D3-BF4B-00C04F79EFBC}") = "Unity.TestTools.CodeCoverage.Editor", "Unity.TestTools.CodeCoverage.Editor.csproj", "{C57FBE95-CA76-242D-A109-33DD33053208}"
EndProject
Project("{FAE04EC0-301F-11D3-BF4B-00C04F79EFBC}") = "Unity.Rider.Editor", "Unity.Rider.Editor.csproj", "{0CA25035-F8F7-1643-1EB6-32D628975B2D}"
EndProject
Project("{FAE04EC0-301F-11D3-BF4B-00C04F79EFBC}") = "Unity.Performance.Profile-Analyzer.Editor", "Unity.Performance.Profile-Analyzer.Editor.csproj", "{634DD059-2EF0-E351-4299-874AED04D488}"
EndProject
Project("{FAE04EC0-301F-11D3-BF4B-00C04F79EFBC}") = "Unity.VSCode.Editor", "Unity.VSCode.Editor.csproj", "{5040CE05-6716-AB7D-6ED2-FF14625079B8}"
EndProject
Project("{FAE04EC0-301F-11D3-BF4B-00C04F79EFBC}") = "Unity.TestTools.CodeCoverage.Editor.OpenCover.Model", "Unity.TestTools.CodeCoverage.Editor.OpenCover.Model.csproj", "{1162031E-03E3-2EDE-EECA-747E1E80C21B}"
EndProject
Project("{FAE04EC0-301F-11D3-BF4B-00C04F79EFBC}") = "Unity.EditorCoroutines.Editor", "Unity.EditorCoroutines.Editor.csproj", "{9CD15138-391D-5AD3-B351-417CBD1B7411}"
EndProject
Project("{FAE04EC0-301F-11D3-BF4B-00C04F79EFBC}") = "Unity.Settings.Editor", "Unity.Settings.Editor.csproj", "{C6EA163C-6F1D-19DB-8A59-CEDCAF511A7B}"
EndProject
Project("{FAE04EC0-301F-11D3-BF4B-00C04F79EFBC}") = "Unity.Services.Core.Configuration.Editor", "Unity.Services.Core.Configuration.Editor.csproj", "{FCAB67D8-24C2-513D-560A-15E35F502643}"
EndProject
Project("{FAE04EC0-301F-11D3-BF4B-00C04F79EFBC}") = "Unity.TestTools.CodeCoverage.Editor.OpenCover.Mono.Reflection", "Unity.TestTools.CodeCoverage.Editor.OpenCover.Mono.Reflection.csproj", "{DDA68018-3091-E54B-5C25-4156C650C6A5}"
EndProject
Project("{FAE04EC0-301F-11D3-BF4B-00C04F79EFBC}") = "Unity.VisualScripting.Shared.Editor", "Unity.VisualScripting.Shared.Editor.csproj", "{F47D7F2C-B648-8AD0-BDED-F6C43E9F22D2}"
EndProject
Global
	GlobalSection(SolutionConfigurationPlatforms) = preSolution
		Debug|Any CPU = Debug|Any CPU
		Release|Any CPU = Release|Any CPU
	EndGlobalSection
	GlobalSection(ProjectConfigurationPlatforms) = postSolution
		{4C96DD10-0117-C4BC-40A1-B85E5D42EB49}.Debug|Any CPU.ActiveCfg = Debug|Any CPU
		{4C96DD10-0117-C4BC-40A1-B85E5D42EB49}.Debug|Any CPU.Build.0 = Debug|Any CPU
		{4C96DD10-0117-C4BC-40A1-B85E5D42EB49}.Release|Any CPU.ActiveCfg = Release|Any CPU
		{4C96DD10-0117-C4BC-40A1-B85E5D42EB49}.Release|Any CPU.Build.0 = Release|Any CPU
		{1972BD5D-01C7-86FD-35D5-FCB186195A15}.Debug|Any CPU.ActiveCfg = Debug|Any CPU
		{1972BD5D-01C7-86FD-35D5-FCB186195A15}.Debug|Any CPU.Build.0 = Debug|Any CPU
		{1972BD5D-01C7-86FD-35D5-FCB186195A15}.Release|Any CPU.ActiveCfg = Release|Any CPU
		{1972BD5D-01C7-86FD-35D5-FCB186195A15}.Release|Any CPU.Build.0 = Release|Any CPU
		{F5D37ACF-CDC6-7150-AAFD-FCE4E133F1BC}.Debug|Any CPU.ActiveCfg = Debug|Any CPU
		{F5D37ACF-CDC6-7150-AAFD-FCE4E133F1BC}.Debug|Any CPU.Build.0 = Debug|Any CPU
		{F5D37ACF-CDC6-7150-AAFD-FCE4E133F1BC}.Release|Any CPU.ActiveCfg = Release|Any CPU
		{F5D37ACF-CDC6-7150-AAFD-FCE4E133F1BC}.Release|Any CPU.Build.0 = Release|Any CPU
		{4F9C1383-1DCC-CD7A-DC99-9946CE8596B6}.Debug|Any CPU.ActiveCfg = Debug|Any CPU
		{4F9C1383-1DCC-CD7A-DC99-9946CE8596B6}.Debug|Any CPU.Build.0 = Debug|Any CPU
		{4F9C1383-1DCC-CD7A-DC99-9946CE8596B6}.Release|Any CPU.ActiveCfg = Release|Any CPU
		{4F9C1383-1DCC-CD7A-DC99-9946CE8596B6}.Release|Any CPU.Build.0 = Release|Any CPU
		{DBD4232B-80F5-06EC-27C0-115E12120EA9}.Debug|Any CPU.ActiveCfg = Debug|Any CPU
		{DBD4232B-80F5-06EC-27C0-115E12120EA9}.Debug|Any CPU.Build.0 = Debug|Any CPU
		{DBD4232B-80F5-06EC-27C0-115E12120EA9}.Release|Any CPU.ActiveCfg = Release|Any CPU
		{DBD4232B-80F5-06EC-27C0-115E12120EA9}.Release|Any CPU.Build.0 = Release|Any CPU
		{C3C290C3-3692-1C87-9C31-E12381619BF4}.Debug|Any CPU.ActiveCfg = Debug|Any CPU
		{C3C290C3-3692-1C87-9C31-E12381619BF4}.Debug|Any CPU.Build.0 = Debug|Any CPU
		{C3C290C3-3692-1C87-9C31-E12381619BF4}.Release|Any CPU.ActiveCfg = Release|Any CPU
		{C3C290C3-3692-1C87-9C31-E12381619BF4}.Release|Any CPU.Build.0 = Release|Any CPU
		{579F322E-716D-E625-241B-76B2AA71069D}.Debug|Any CPU.ActiveCfg = Debug|Any CPU
		{579F322E-716D-E625-241B-76B2AA71069D}.Debug|Any CPU.Build.0 = Debug|Any CPU
		{579F322E-716D-E625-241B-76B2AA71069D}.Release|Any CPU.ActiveCfg = Release|Any CPU
		{579F322E-716D-E625-241B-76B2AA71069D}.Release|Any CPU.Build.0 = Release|Any CPU
		{3362090C-0C5D-A2A7-8DB3-97B7596585B1}.Debug|Any CPU.ActiveCfg = Debug|Any CPU
		{3362090C-0C5D-A2A7-8DB3-97B7596585B1}.Debug|Any CPU.Build.0 = Debug|Any CPU
		{3362090C-0C5D-A2A7-8DB3-97B7596585B1}.Release|Any CPU.ActiveCfg = Release|Any CPU
		{3362090C-0C5D-A2A7-8DB3-97B7596585B1}.Release|Any CPU.Build.0 = Release|Any CPU
		{E1FCF58A-DA52-F930-1099-250E1D16694F}.Debug|Any CPU.ActiveCfg = Debug|Any CPU
		{E1FCF58A-DA52-F930-1099-250E1D16694F}.Debug|Any CPU.Build.0 = Debug|Any CPU
		{E1FCF58A-DA52-F930-1099-250E1D16694F}.Release|Any CPU.ActiveCfg = Release|Any CPU
		{E1FCF58A-DA52-F930-1099-250E1D16694F}.Release|Any CPU.Build.0 = Release|Any CPU
		{76B00F49-CE67-B2B4-DB15-58336B542447}.Debug|Any CPU.ActiveCfg = Debug|Any CPU
		{76B00F49-CE67-B2B4-DB15-58336B542447}.Debug|Any CPU.Build.0 = Debug|Any CPU
		{76B00F49-CE67-B2B4-DB15-58336B542447}.Release|Any CPU.ActiveCfg = Release|Any CPU
		{76B00F49-CE67-B2B4-DB15-58336B542447}.Release|Any CPU.Build.0 = Release|Any CPU
		{0915A22B-B007-B9CA-9394-723EFC2C995F}.Debug|Any CPU.ActiveCfg = Debug|Any CPU
		{0915A22B-B007-B9CA-9394-723EFC2C995F}.Debug|Any CPU.Build.0 = Debug|Any CPU
		{0915A22B-B007-B9CA-9394-723EFC2C995F}.Release|Any CPU.ActiveCfg = Release|Any CPU
		{0915A22B-B007-B9CA-9394-723EFC2C995F}.Release|Any CPU.Build.0 = Release|Any CPU
		{062AEC88-3F3E-153D-5FBD-2421A207ADC1}.Debug|Any CPU.ActiveCfg = Debug|Any CPU
		{062AEC88-3F3E-153D-5FBD-2421A207ADC1}.Debug|Any CPU.Build.0 = Debug|Any CPU
		{062AEC88-3F3E-153D-5FBD-2421A207ADC1}.Release|Any CPU.ActiveCfg = Release|Any CPU
		{062AEC88-3F3E-153D-5FBD-2421A207ADC1}.Release|Any CPU.Build.0 = Release|Any CPU
		{050FF3D9-ADAC-BEB4-5908-AC3C3C778624}.Debug|Any CPU.ActiveCfg = Debug|Any CPU
		{050FF3D9-ADAC-BEB4-5908-AC3C3C778624}.Debug|Any CPU.Build.0 = Debug|Any CPU
		{050FF3D9-ADAC-BEB4-5908-AC3C3C778624}.Release|Any CPU.ActiveCfg = Release|Any CPU
		{050FF3D9-ADAC-BEB4-5908-AC3C3C778624}.Release|Any CPU.Build.0 = Release|Any CPU
		{8F4AE082-7F89-8CE4-C224-45381899483E}.Debug|Any CPU.ActiveCfg = Debug|Any CPU
		{8F4AE082-7F89-8CE4-C224-45381899483E}.Debug|Any CPU.Build.0 = Debug|Any CPU
		{8F4AE082-7F89-8CE4-C224-45381899483E}.Release|Any CPU.ActiveCfg = Release|Any CPU
		{8F4AE082-7F89-8CE4-C224-45381899483E}.Release|Any CPU.Build.0 = Release|Any CPU
		{8F4A37A4-6EFE-DDA0-B602-FC3B0325F3A3}.Debug|Any CPU.ActiveCfg = Debug|Any CPU
		{8F4A37A4-6EFE-DDA0-B602-FC3B0325F3A3}.Debug|Any CPU.Build.0 = Debug|Any CPU
		{8F4A37A4-6EFE-DDA0-B602-FC3B0325F3A3}.Release|Any CPU.ActiveCfg = Release|Any CPU
		{8F4A37A4-6EFE-DDA0-B602-FC3B0325F3A3}.Release|Any CPU.Build.0 = Release|Any CPU
		{ECDC6269-57A8-E20F-A3AD-68B3DB949247}.Debug|Any CPU.ActiveCfg = Debug|Any CPU
		{ECDC6269-57A8-E20F-A3AD-68B3DB949247}.Debug|Any CPU.Build.0 = Debug|Any CPU
		{ECDC6269-57A8-E20F-A3AD-68B3DB949247}.Release|Any CPU.ActiveCfg = Release|Any CPU
		{ECDC6269-57A8-E20F-A3AD-68B3DB949247}.Release|Any CPU.Build.0 = Release|Any CPU
		{0B077133-AC87-C3B0-56B6-49C8FB75DEBD}.Debug|Any CPU.ActiveCfg = Debug|Any CPU
		{0B077133-AC87-C3B0-56B6-49C8FB75DEBD}.Debug|Any CPU.Build.0 = Debug|Any CPU
		{0B077133-AC87-C3B0-56B6-49C8FB75DEBD}.Release|Any CPU.ActiveCfg = Release|Any CPU
		{0B077133-AC87-C3B0-56B6-49C8FB75DEBD}.Release|Any CPU.Build.0 = Release|Any CPU
		{EDB8A376-7637-ED62-1CD3-9C94A4D6E34F}.Debug|Any CPU.ActiveCfg = Debug|Any CPU
		{EDB8A376-7637-ED62-1CD3-9C94A4D6E34F}.Debug|Any CPU.Build.0 = Debug|Any CPU
		{EDB8A376-7637-ED62-1CD3-9C94A4D6E34F}.Release|Any CPU.ActiveCfg = Release|Any CPU
		{EDB8A376-7637-ED62-1CD3-9C94A4D6E34F}.Release|Any CPU.Build.0 = Release|Any CPU
		{8DFC82E5-9840-8BAB-4598-27F022C3ABFC}.Debug|Any CPU.ActiveCfg = Debug|Any CPU
		{8DFC82E5-9840-8BAB-4598-27F022C3ABFC}.Debug|Any CPU.Build.0 = Debug|Any CPU
		{8DFC82E5-9840-8BAB-4598-27F022C3ABFC}.Release|Any CPU.ActiveCfg = Release|Any CPU
		{8DFC82E5-9840-8BAB-4598-27F022C3ABFC}.Release|Any CPU.Build.0 = Release|Any CPU
		{500AEC32-107F-27C7-57A7-B28FA60D75CB}.Debug|Any CPU.ActiveCfg = Debug|Any CPU
		{500AEC32-107F-27C7-57A7-B28FA60D75CB}.Debug|Any CPU.Build.0 = Debug|Any CPU
		{500AEC32-107F-27C7-57A7-B28FA60D75CB}.Release|Any CPU.ActiveCfg = Release|Any CPU
		{500AEC32-107F-27C7-57A7-B28FA60D75CB}.Release|Any CPU.Build.0 = Release|Any CPU
		{D3BBA8CD-7451-78D6-1083-B647E008AA15}.Debug|Any CPU.ActiveCfg = Debug|Any CPU
		{D3BBA8CD-7451-78D6-1083-B647E008AA15}.Debug|Any CPU.Build.0 = Debug|Any CPU
		{D3BBA8CD-7451-78D6-1083-B647E008AA15}.Release|Any CPU.ActiveCfg = Release|Any CPU
		{D3BBA8CD-7451-78D6-1083-B647E008AA15}.Release|Any CPU.Build.0 = Release|Any CPU
		{E9A63E6B-466A-CB06-F51F-90A32590738C}.Debug|Any CPU.ActiveCfg = Debug|Any CPU
		{E9A63E6B-466A-CB06-F51F-90A32590738C}.Debug|Any CPU.Build.0 = Debug|Any CPU
		{E9A63E6B-466A-CB06-F51F-90A32590738C}.Release|Any CPU.ActiveCfg = Release|Any CPU
		{E9A63E6B-466A-CB06-F51F-90A32590738C}.Release|Any CPU.Build.0 = Release|Any CPU
		{381D021E-CEC4-7CB4-D442-51F7F93F2F03}.Debug|Any CPU.ActiveCfg = Debug|Any CPU
		{381D021E-CEC4-7CB4-D442-51F7F93F2F03}.Debug|Any CPU.Build.0 = Debug|Any CPU
		{381D021E-CEC4-7CB4-D442-51F7F93F2F03}.Release|Any CPU.ActiveCfg = Release|Any CPU
		{381D021E-CEC4-7CB4-D442-51F7F93F2F03}.Release|Any CPU.Build.0 = Release|Any CPU
		{8F51677A-A551-14A3-0FFA-F6271D981989}.Debug|Any CPU.ActiveCfg = Debug|Any CPU
		{8F51677A-A551-14A3-0FFA-F6271D981989}.Debug|Any CPU.Build.0 = Debug|Any CPU
		{8F51677A-A551-14A3-0FFA-F6271D981989}.Release|Any CPU.ActiveCfg = Release|Any CPU
		{8F51677A-A551-14A3-0FFA-F6271D981989}.Release|Any CPU.Build.0 = Release|Any CPU
		{DEAC5379-9582-1E20-F220-1C084C8C97CA}.Debug|Any CPU.ActiveCfg = Debug|Any CPU
		{DEAC5379-9582-1E20-F220-1C084C8C97CA}.Debug|Any CPU.Build.0 = Debug|Any CPU
		{DEAC5379-9582-1E20-F220-1C084C8C97CA}.Release|Any CPU.ActiveCfg = Release|Any CPU
		{DEAC5379-9582-1E20-F220-1C084C8C97CA}.Release|Any CPU.Build.0 = Release|Any CPU
		{09ACB3A4-2E1B-2CC3-46A9-753740B67BA6}.Debug|Any CPU.ActiveCfg = Debug|Any CPU
		{09ACB3A4-2E1B-2CC3-46A9-753740B67BA6}.Debug|Any CPU.Build.0 = Debug|Any CPU
		{09ACB3A4-2E1B-2CC3-46A9-753740B67BA6}.Release|Any CPU.ActiveCfg = Release|Any CPU
		{09ACB3A4-2E1B-2CC3-46A9-753740B67BA6}.Release|Any CPU.Build.0 = Release|Any CPU
		{C2B53673-4FE5-49EA-6479-CD832E9AE796}.Debug|Any CPU.ActiveCfg = Debug|Any CPU
		{C2B53673-4FE5-49EA-6479-CD832E9AE796}.Debug|Any CPU.Build.0 = Debug|Any CPU
		{C2B53673-4FE5-49EA-6479-CD832E9AE796}.Release|Any CPU.ActiveCfg = Release|Any CPU
		{C2B53673-4FE5-49EA-6479-CD832E9AE796}.Release|Any CPU.Build.0 = Release|Any CPU
		{37558489-ABA5-4E0B-FE39-15AD127B430A}.Debug|Any CPU.ActiveCfg = Debug|Any CPU
		{37558489-ABA5-4E0B-FE39-15AD127B430A}.Debug|Any CPU.Build.0 = Debug|Any CPU
		{37558489-ABA5-4E0B-FE39-15AD127B430A}.Release|Any CPU.ActiveCfg = Release|Any CPU
		{37558489-ABA5-4E0B-FE39-15AD127B430A}.Release|Any CPU.Build.0 = Release|Any CPU
		{4272318C-D149-42B5-F15F-02513E2A8DF4}.Debug|Any CPU.ActiveCfg = Debug|Any CPU
		{4272318C-D149-42B5-F15F-02513E2A8DF4}.Debug|Any CPU.Build.0 = Debug|Any CPU
		{4272318C-D149-42B5-F15F-02513E2A8DF4}.Release|Any CPU.ActiveCfg = Release|Any CPU
		{4272318C-D149-42B5-F15F-02513E2A8DF4}.Release|Any CPU.Build.0 = Release|Any CPU
		{9DA2AF50-913A-F20C-309B-B77E4CF85D07}.Debug|Any CPU.ActiveCfg = Debug|Any CPU
		{9DA2AF50-913A-F20C-309B-B77E4CF85D07}.Debug|Any CPU.Build.0 = Debug|Any CPU
		{9DA2AF50-913A-F20C-309B-B77E4CF85D07}.Release|Any CPU.ActiveCfg = Release|Any CPU
		{9DA2AF50-913A-F20C-309B-B77E4CF85D07}.Release|Any CPU.Build.0 = Release|Any CPU
		{C57FBE95-CA76-242D-A109-33DD33053208}.Debug|Any CPU.ActiveCfg = Debug|Any CPU
		{C57FBE95-CA76-242D-A109-33DD33053208}.Debug|Any CPU.Build.0 = Debug|Any CPU
		{C57FBE95-CA76-242D-A109-33DD33053208}.Release|Any CPU.ActiveCfg = Release|Any CPU
		{C57FBE95-CA76-242D-A109-33DD33053208}.Release|Any CPU.Build.0 = Release|Any CPU
		{0CA25035-F8F7-1643-1EB6-32D628975B2D}.Debug|Any CPU.ActiveCfg = Debug|Any CPU
		{0CA25035-F8F7-1643-1EB6-32D628975B2D}.Debug|Any CPU.Build.0 = Debug|Any CPU
		{0CA25035-F8F7-1643-1EB6-32D628975B2D}.Release|Any CPU.ActiveCfg = Release|Any CPU
		{0CA25035-F8F7-1643-1EB6-32D628975B2D}.Release|Any CPU.Build.0 = Release|Any CPU
		{634DD059-2EF0-E351-4299-874AED04D488}.Debug|Any CPU.ActiveCfg = Debug|Any CPU
		{634DD059-2EF0-E351-4299-874AED04D488}.Debug|Any CPU.Build.0 = Debug|Any CPU
		{634DD059-2EF0-E351-4299-874AED04D488}.Release|Any CPU.ActiveCfg = Release|Any CPU
		{634DD059-2EF0-E351-4299-874AED04D488}.Release|Any CPU.Build.0 = Release|Any CPU
		{5040CE05-6716-AB7D-6ED2-FF14625079B8}.Debug|Any CPU.ActiveCfg = Debug|Any CPU
		{5040CE05-6716-AB7D-6ED2-FF14625079B8}.Debug|Any CPU.Build.0 = Debug|Any CPU
		{5040CE05-6716-AB7D-6ED2-FF14625079B8}.Release|Any CPU.ActiveCfg = Release|Any CPU
		{5040CE05-6716-AB7D-6ED2-FF14625079B8}.Release|Any CPU.Build.0 = Release|Any CPU
		{1162031E-03E3-2EDE-EECA-747E1E80C21B}.Debug|Any CPU.ActiveCfg = Debug|Any CPU
		{1162031E-03E3-2EDE-EECA-747E1E80C21B}.Debug|Any CPU.Build.0 = Debug|Any CPU
		{1162031E-03E3-2EDE-EECA-747E1E80C21B}.Release|Any CPU.ActiveCfg = Release|Any CPU
		{1162031E-03E3-2EDE-EECA-747E1E80C21B}.Release|Any CPU.Build.0 = Release|Any CPU
		{9CD15138-391D-5AD3-B351-417CBD1B7411}.Debug|Any CPU.ActiveCfg = Debug|Any CPU
		{9CD15138-391D-5AD3-B351-417CBD1B7411}.Debug|Any CPU.Build.0 = Debug|Any CPU
		{9CD15138-391D-5AD3-B351-417CBD1B7411}.Release|Any CPU.ActiveCfg = Release|Any CPU
		{9CD15138-391D-5AD3-B351-417CBD1B7411}.Release|Any CPU.Build.0 = Release|Any CPU
		{C6EA163C-6F1D-19DB-8A59-CEDCAF511A7B}.Debug|Any CPU.ActiveCfg = Debug|Any CPU
		{C6EA163C-6F1D-19DB-8A59-CEDCAF511A7B}.Debug|Any CPU.Build.0 = Debug|Any CPU
		{C6EA163C-6F1D-19DB-8A59-CEDCAF511A7B}.Release|Any CPU.ActiveCfg = Release|Any CPU
		{C6EA163C-6F1D-19DB-8A59-CEDCAF511A7B}.Release|Any CPU.Build.0 = Release|Any CPU
		{FCAB67D8-24C2-513D-560A-15E35F502643}.Debug|Any CPU.ActiveCfg = Debug|Any CPU
		{FCAB67D8-24C2-513D-560A-15E35F502643}.Debug|Any CPU.Build.0 = Debug|Any CPU
		{FCAB67D8-24C2-513D-560A-15E35F502643}.Release|Any CPU.ActiveCfg = Release|Any CPU
		{FCAB67D8-24C2-513D-560A-15E35F502643}.Release|Any CPU.Build.0 = Release|Any CPU
		{DDA68018-3091-E54B-5C25-4156C650C6A5}.Debug|Any CPU.ActiveCfg = Debug|Any CPU
		{DDA68018-3091-E54B-5C25-4156C650C6A5}.Debug|Any CPU.Build.0 = Debug|Any CPU
		{DDA68018-3091-E54B-5C25-4156C650C6A5}.Release|Any CPU.ActiveCfg = Release|Any CPU
		{DDA68018-3091-E54B-5C25-4156C650C6A5}.Release|Any CPU.Build.0 = Release|Any CPU
		{F47D7F2C-B648-8AD0-BDED-F6C43E9F22D2}.Debug|Any CPU.ActiveCfg = Debug|Any CPU
		{F47D7F2C-B648-8AD0-BDED-F6C43E9F22D2}.Debug|Any CPU.Build.0 = Debug|Any CPU
		{F47D7F2C-B648-8AD0-BDED-F6C43E9F22D2}.Release|Any CPU.ActiveCfg = Release|Any CPU
		{F47D7F2C-B648-8AD0-BDED-F6C43E9F22D2}.Release|Any CPU.Build.0 = Release|Any CPU
	EndGlobalSection
	GlobalSection(SolutionProperties) = preSolution
		HideSolutionNode = FALSE
	EndGlobalSection
EndGlobal
